<?xml version="1.0" encoding="utf-8"?>
<Project ToolsVersion="4.0" xmlns="http://schemas.microsoft.com/developer/msbuild/2003">
  <ItemGroup>
    <Filter Include="Main">
      <UniqueIdentifier>{2f9c10d3-80e2-4c55-bd2a-af5a846cddb3}</UniqueIdentifier>
    </Filter>
    <Filter Include="Pch">
      <UniqueIdentifier>{b1286307-cbaa-4fea-9907-33654930afb9}</UniqueIdentifier>
    </Filter>
    <Filter Include="Utils">
      <UniqueIdentifier>{0eb1a900-ac5c-4fd0-a3c0-8df7bbb123f6}</UniqueIdentifier>
    </Filter>
    <Filter Include="Protobuf">
      <UniqueIdentifier>{6abe9302-c4eb-47d2-ad53-0a2b21623b65}</UniqueIdentifier>
    </Filter>
    <Filter Include="Packet">
      <UniqueIdentifier>{78c0f86d-ba50-40ef-b7e5-ee6b1bb445d8}</UniqueIdentifier>
    </Filter>
    <Filter Include="Login">
      <UniqueIdentifier>{ce6605b0-4ff3-4019-b8a9-372aab95c18d}</UniqueIdentifier>
    </Filter>
    <Filter Include="Struct_Info">
      <UniqueIdentifier>{2bc55a61-4367-4293-bbc0-539444cf93a4}</UniqueIdentifier>
    </Filter>
    <Filter Include="Config">
      <UniqueIdentifier>{36baa8cf-3fd8-4b18-9ec0-662f07178ad7}</UniqueIdentifier>
    </Filter>
  </ItemGroup>
  <ItemGroup>
    <ClCompile Include="Login\Login.cpp">
      <Filter>Login</Filter>
    </ClCompile>
    <ClCompile Include="Main\GameServer.cpp">
      <Filter>Main</Filter>
    </ClCompile>
    <ClCompile Include="Main\GameSession.cpp">
      <Filter>Main</Filter>
    </ClCompile>
    <ClCompile Include="Packet\ServerPacketHandler.cpp">
      <Filter>Packet</Filter>
    </ClCompile>
    <ClCompile Include="Pch\pch.cpp">
      <Filter>Pch</Filter>
    </ClCompile>
    <ClCompile Include="Protobuf\Enum.pb.cc">
      <Filter>Protobuf</Filter>
    </ClCompile>
    <ClCompile Include="Protobuf\Protocol.pb.cc">
      <Filter>Protobuf</Filter>
    </ClCompile>
    <ClCompile Include="Protobuf\Struct.pb.cc">
      <Filter>Protobuf</Filter>
    </ClCompile>
    <ClCompile Include="Utils\GameGlobal.cpp">
      <Filter>Utils</Filter>
    </ClCompile>
    <ClCompile Include="Utils\ObjectUtils.cpp">
      <Filter>Utils</Filter>
    </ClCompile>
  </ItemGroup>
  <ItemGroup>
    <ClInclude Include="Login\Login.h">
      <Filter>Login</Filter>
    </ClInclude>
    <ClInclude Include="Main\GameSession.h">
      <Filter>Main</Filter>
    </ClInclude>
    <ClInclude Include="Packet\ServerPacketHandler.h">
      <Filter>Packet</Filter>
    </ClInclude>
    <ClInclude Include="Pch\pch.h">
      <Filter>Pch</Filter>
    </ClInclude>
    <ClInclude Include="Protobuf\Enum.pb.h">
      <Filter>Protobuf</Filter>
    </ClInclude>
    <ClInclude Include="Protobuf\Protocol.pb.h">
      <Filter>Protobuf</Filter>
    </ClInclude>
    <ClInclude Include="Protobuf\Struct.pb.h">
      <Filter>Protobuf</Filter>
    </ClInclude>
    <ClInclude Include="Struct_info\AccountInfo.h">
      <Filter>Struct_Info</Filter>
    </ClInclude>
    <ClInclude Include="Utils\GameGlobal.h">
      <Filter>Utils</Filter>
    </ClInclude>
    <ClInclude Include="Utils\ObjectUtils.h">
      <Filter>Utils</Filter>
    </ClInclude>
  </ItemGroup>
  <ItemGroup>
    <None Include="..\Common\protoc-21.12-win64\bin\Enum.proto">
      <Filter>Protobuf</Filter>
    </None>
    <None Include="..\Common\protoc-21.12-win64\bin\Protocol.proto">
      <Filter>Protobuf</Filter>
    </None>
    <None Include="..\Common\protoc-21.12-win64\bin\Struct.proto">
      <Filter>Protobuf</Filter>
    </None>
    <None Include="Config\config.ini">
      <Filter>Config</Filter>
    </None>
    <None Include="Config\config.example.ini">
      <Filter>Config</Filter>
    </None>
  </ItemGroup>
</Project>