<?xml version="1.0" encoding="utf-8"?>
<Project ToolsVersion="4.0" xmlns="http://schemas.microsoft.com/developer/msbuild/2003">
  <ItemGroup>
    <Filter Include="NetWork">
      <UniqueIdentifier>{feec0dc8-568d-42b0-8082-60da43ee64a6}</UniqueIdentifier>
    </Filter>
    <Filter Include="Thread">
      <UniqueIdentifier>{e6c6d677-0856-48f6-805f-9bf69374c725}</UniqueIdentifier>
    </Filter>
    <Filter Include="Job">
      <UniqueIdentifier>{e5038a04-4905-4ad1-808c-8286d4ee68f7}</UniqueIdentifier>
    </Filter>
    <Filter Include="Utils">
      <UniqueIdentifier>{67f7e630-9500-434a-b35f-be64f4990b0c}</UniqueIdentifier>
    </Filter>
    <Filter Include="Protobuf">
      <UniqueIdentifier>{9ebd7ae5-ca47-413f-8f0f-ffb51c8bf0dc}</UniqueIdentifier>
    </Filter>
    <Filter Include="DB">
      <UniqueIdentifier>{f94f9b8d-4723-4fe1-be3d-e9f25e029af9}</UniqueIdentifier>
    </Filter>
  </ItemGroup>
  <ItemGroup>
    <ClCompile Include="DB\DBConnect.cpp">
      <Filter>DB</Filter>
    </ClCompile>
    <ClCompile Include="DB\DBManager.cpp">
      <Filter>DB</Filter>
    </ClCompile>
    <ClCompile Include="Job\GlobalQueue.cpp">
      <Filter>Job</Filter>
    </ClCompile>
    <ClCompile Include="Job\JobQueue.cpp">
      <Filter>Job</Filter>
    </ClCompile>
    <ClCompile Include="Job\JobTimer.cpp">
      <Filter>Job</Filter>
    </ClCompile>
    <ClCompile Include="NetWork\IocpCore.cpp">
      <Filter>NetWork</Filter>
    </ClCompile>
    <ClCompile Include="NetWork\IocpEvent.cpp">
      <Filter>NetWork</Filter>
    </ClCompile>
    <ClCompile Include="NetWork\Listener.cpp">
      <Filter>NetWork</Filter>
    </ClCompile>
    <ClCompile Include="NetWork\NetAddress.cpp">
      <Filter>NetWork</Filter>
    </ClCompile>
    <ClCompile Include="NetWork\RecvBuffer.cpp">
      <Filter>NetWork</Filter>
    </ClCompile>
    <ClCompile Include="NetWork\SendBuffer.cpp">
      <Filter>NetWork</Filter>
    </ClCompile>
    <ClCompile Include="NetWork\Service.cpp">
      <Filter>NetWork</Filter>
    </ClCompile>
    <ClCompile Include="NetWork\Session.cpp">
      <Filter>NetWork</Filter>
    </ClCompile>
    <ClCompile Include="NetWork\SessionManager.cpp">
      <Filter>NetWork</Filter>
    </ClCompile>
    <ClCompile Include="Utils\CoreGlobal.cpp">
      <Filter>Utils</Filter>
    </ClCompile>
    <ClCompile Include="Utils\CorePch.cpp">
      <Filter>Utils</Filter>
    </ClCompile>
    <ClCompile Include="Utils\CoreTLS.cpp">
      <Filter>Utils</Filter>
    </ClCompile>
    <ClCompile Include="Utils\Logger.cpp">
      <Filter>Utils</Filter>
    </ClCompile>
    <ClCompile Include="Utils\pch.cpp">
      <Filter>Utils</Filter>
    </ClCompile>
    <ClCompile Include="Utils\SocketUtils.cpp">
      <Filter>Utils</Filter>
    </ClCompile>
    <ClCompile Include="Thread\ThreadManager.cpp">
      <Filter>Thread</Filter>
    </ClCompile>
    <ClCompile Include="Utils\ServerStates.cpp">
      <Filter>Utils</Filter>
    </ClCompile>
    <ClCompile Include="Utils\StringUtil.cpp">
      <Filter>Utils</Filter>
    </ClCompile>
    <ClCompile Include="Utils\ConfigReader.cpp">
      <Filter>Utils</Filter>
    </ClCompile>
  </ItemGroup>
  <ItemGroup>
    <ClInclude Include="DB\DBConnect.h">
      <Filter>DB</Filter>
    </ClInclude>
    <ClInclude Include="DB\DBEnum.h">
      <Filter>DB</Filter>
    </ClInclude>
    <ClInclude Include="DB\DBManager.h">
      <Filter>DB</Filter>
    </ClInclude>
    <ClInclude Include="Job\GlobalQueue.h">
      <Filter>Job</Filter>
    </ClInclude>
    <ClInclude Include="Job\Job.h">
      <Filter>Job</Filter>
    </ClInclude>
    <ClInclude Include="Job\JobQueue.h">
      <Filter>Job</Filter>
    </ClInclude>
    <ClInclude Include="Job\JobTimer.h">
      <Filter>Job</Filter>
    </ClInclude>
    <ClInclude Include="NetWork\IocpCore.h">
      <Filter>NetWork</Filter>
    </ClInclude>
    <ClInclude Include="NetWork\IocpEvent.h">
      <Filter>NetWork</Filter>
    </ClInclude>
    <ClInclude Include="NetWork\IocpObject.h">
      <Filter>NetWork</Filter>
    </ClInclude>
    <ClInclude Include="NetWork\Listener.h">
      <Filter>NetWork</Filter>
    </ClInclude>
    <ClInclude Include="NetWork\NetAddress.h">
      <Filter>NetWork</Filter>
    </ClInclude>
    <ClInclude Include="NetWork\RecvBuffer.h">
      <Filter>NetWork</Filter>
    </ClInclude>
    <ClInclude Include="NetWork\SendBuffer.h">
      <Filter>NetWork</Filter>
    </ClInclude>
    <ClInclude Include="NetWork\Service.h">
      <Filter>NetWork</Filter>
    </ClInclude>
    <ClInclude Include="NetWork\Session.h">
      <Filter>NetWork</Filter>
    </ClInclude>
    <ClInclude Include="NetWork\SessionManager.h">
      <Filter>NetWork</Filter>
    </ClInclude>
    <ClInclude Include="Utils\CoreGlobal.h">
      <Filter>Utils</Filter>
    </ClInclude>
    <ClInclude Include="Utils\CoreMacro.h">
      <Filter>Utils</Filter>
    </ClInclude>
    <ClInclude Include="Utils\CorePch.h">
      <Filter>Utils</Filter>
    </ClInclude>
    <ClInclude Include="Utils\CoreTLS.h">
      <Filter>Utils</Filter>
    </ClInclude>
    <ClInclude Include="Utils\LockQueue.h">
      <Filter>Utils</Filter>
    </ClInclude>
    <ClInclude Include="Utils\Logger.h">
      <Filter>Utils</Filter>
    </ClInclude>
    <ClInclude Include="Utils\pch.h">
      <Filter>Utils</Filter>
    </ClInclude>
    <ClInclude Include="Utils\SocketUtils.h">
      <Filter>Utils</Filter>
    </ClInclude>
    <ClInclude Include="Thread\ThreadManager.h">
      <Filter>Thread</Filter>
    </ClInclude>
    <ClInclude Include="Utils\Types.h">
      <Filter>Utils</Filter>
    </ClInclude>
    <ClInclude Include="Utils\ServerStates.h">
      <Filter>Utils</Filter>
    </ClInclude>
    <ClInclude Include="Utils\StringUtil.h">
      <Filter>Utils</Filter>
    </ClInclude>
    <ClInclude Include="Utils\ConfigReader.h">
      <Filter>Utils</Filter>
    </ClInclude>
    <ClInclude Include="Utils\Singleton.h">
      <Filter>Utils</Filter>
    </ClInclude>
  </ItemGroup>
</Project>