<?xml version="1.0" encoding="utf-8"?>
<Project ToolsVersion="4.0" xmlns="http://schemas.microsoft.com/developer/msbuild/2003">
  <ItemGroup>
    <Filter Include="Main">
      <UniqueIdentifier>{ba3c8480-e46d-42b1-bde2-75eac7d5af07}</UniqueIdentifier>
    </Filter>
    <Filter Include="NetWork">
      <UniqueIdentifier>{feec0dc8-568d-42b0-8082-60da43ee64a6}</UniqueIdentifier>
    </Filter>
    <Filter Include="Thread">
      <UniqueIdentifier>{e6c6d677-0856-48f6-805f-9bf69374c725}</UniqueIdentifier>
    </Filter>
    <Filter Include="Job">
      <UniqueIdentifier>{e5038a04-4905-4ad1-808c-8286d4ee68f7}</UniqueIdentifier>
    </Filter>
    <Filter Include="Utils">
      <UniqueIdentifier>{67f7e630-9500-434a-b35f-be64f4990b0c}</UniqueIdentifier>
    </Filter>
    <Filter Include="Protobuf">
      <UniqueIdentifier>{9ebd7ae5-ca47-413f-8f0f-ffb51c8bf0dc}</UniqueIdentifier>
    </Filter>
    <Filter Include="DB">
      <UniqueIdentifier>{f94f9b8d-4723-4fe1-be3d-e9f25e029af9}</UniqueIdentifier>
    </Filter>
  </ItemGroup>
  <ItemGroup>
    <ClCompile Include="pch.cpp">
      <Filter>Main</Filter>
    </ClCompile>
    <ClCompile Include="CorePch.cpp">
      <Filter>Main</Filter>
    </ClCompile>
    <ClCompile Include="SocketUtils.cpp">
      <Filter>NetWork</Filter>
    </ClCompile>
    <ClCompile Include="NetAddress.cpp">
      <Filter>NetWork</Filter>
    </ClCompile>
    <ClCompile Include="IocpCore.cpp">
      <Filter>NetWork</Filter>
    </ClCompile>
    <ClCompile Include="IocpEvent.cpp">
      <Filter>NetWork</Filter>
    </ClCompile>
    <ClCompile Include="Listener.cpp">
      <Filter>NetWork</Filter>
    </ClCompile>
    <ClCompile Include="Service.cpp">
      <Filter>NetWork</Filter>
    </ClCompile>
    <ClCompile Include="RecvBuffer.cpp">
      <Filter>NetWork</Filter>
    </ClCompile>
    <ClCompile Include="SendBuffer.cpp">
      <Filter>NetWork</Filter>
    </ClCompile>
    <ClCompile Include="ThreadManager.cpp">
      <Filter>Thread</Filter>
    </ClCompile>
    <ClCompile Include="JobQueue.cpp">
      <Filter>Job</Filter>
    </ClCompile>
    <ClCompile Include="JobTimer.cpp">
      <Filter>Job</Filter>
    </ClCompile>
    <ClCompile Include="CoreGlobal.cpp">
      <Filter>Main</Filter>
    </ClCompile>
    <ClCompile Include="GlobalQueue.cpp">
      <Filter>Job</Filter>
    </ClCompile>
    <ClCompile Include="CoreTLS.cpp">
      <Filter>Main</Filter>
    </ClCompile>
    <ClCompile Include="SessionManager.cpp">
      <Filter>NetWork</Filter>
    </ClCompile>
    <ClCompile Include="DBConnect.cpp">
      <Filter>DB</Filter>
    </ClCompile>
    <ClCompile Include="DBManager.cpp">
      <Filter>DB</Filter>
    </ClCompile>
    <ClCompile Include="Session.cpp">
      <Filter>NetWork</Filter>
    </ClCompile>
  </ItemGroup>
  <ItemGroup>
    <ClInclude Include="pch.h">
      <Filter>Main</Filter>
    </ClInclude>
    <ClInclude Include="CorePch.h">
      <Filter>Main</Filter>
    </ClInclude>
    <ClInclude Include="SocketUtils.h">
      <Filter>NetWork</Filter>
    </ClInclude>
    <ClInclude Include="CoreMacro.h">
      <Filter>Main</Filter>
    </ClInclude>
    <ClInclude Include="Types.h">
      <Filter>Main</Filter>
    </ClInclude>
    <ClInclude Include="NetAddress.h">
      <Filter>NetWork</Filter>
    </ClInclude>
    <ClInclude Include="IocpCore.h">
      <Filter>NetWork</Filter>
    </ClInclude>
    <ClInclude Include="IocpObject.h">
      <Filter>NetWork</Filter>
    </ClInclude>
    <ClInclude Include="IocpEvent.h">
      <Filter>NetWork</Filter>
    </ClInclude>
    <ClInclude Include="Listener.h">
      <Filter>NetWork</Filter>
    </ClInclude>
    <ClInclude Include="Service.h">
      <Filter>NetWork</Filter>
    </ClInclude>
    <ClInclude Include="RecvBuffer.h">
      <Filter>NetWork</Filter>
    </ClInclude>
    <ClInclude Include="SendBuffer.h">
      <Filter>NetWork</Filter>
    </ClInclude>
    <ClInclude Include="ThreadManager.h">
      <Filter>Thread</Filter>
    </ClInclude>
    <ClInclude Include="Job.h">
      <Filter>Job</Filter>
    </ClInclude>
    <ClInclude Include="JobQueue.h">
      <Filter>Job</Filter>
    </ClInclude>
    <ClInclude Include="LockQueue.h">
      <Filter>Utils</Filter>
    </ClInclude>
    <ClInclude Include="JobTimer.h">
      <Filter>Job</Filter>
    </ClInclude>
    <ClInclude Include="CoreGlobal.h">
      <Filter>Main</Filter>
    </ClInclude>
    <ClInclude Include="GlobalQueue.h">
      <Filter>Job</Filter>
    </ClInclude>
    <ClInclude Include="CoreTLS.h">
      <Filter>Main</Filter>
    </ClInclude>
    <ClInclude Include="SessionManager.h">
      <Filter>NetWork</Filter>
    </ClInclude>
    <ClInclude Include="DBConnect.h">
      <Filter>DB</Filter>
    </ClInclude>
    <ClInclude Include="DBManager.h">
      <Filter>DB</Filter>
    </ClInclude>
    <ClInclude Include="Session.h">
      <Filter>NetWork</Filter>
    </ClInclude>
    <ClInclude Include="DBEnum.h">
      <Filter>DB</Filter>
    </ClInclude>
  </ItemGroup>
</Project>